Microsoft Visual Studio Solution File, Format Version 8.00
Project("{FAE04EC0-301F-11D3-BF4B-00C04F79EFBC}") = "ObjectOrientedModel_1", "ObjectOrientedModel_1.csproj", "{4419C632-1530-40B0-BAF3-22F4AF8A6280}"
EndProject
Global
	GlobalSection(SolutionConfiguration) = preSolution
		ConfigName.0 = Debug
		ConfigName.1 = Release
	EndGlobalSection
	GlobalSection(ProjectDependencies) = postSolution
	EndGlobalSection
	GlobalSection(ProjectConfiguration) = postSolution
		{4419C632-1530-40B0-BAF3-22F4AF8A6280}.Debug.ActiveCfg = Debug|.NET
		{4419C632-1530-40B0-BAF3-22F4AF8A6280}.Debug.Build.0 = Debug|.NET
		{4419C632-1530-40B0-BAF3-22F4AF8A6280}.Release.ActiveCfg = Release|.NET
		{4419C632-1530-40B0-BAF3-22F4AF8A6280}.Release.Build.0 = Release|.NET
	EndGlobalSection
	GlobalSection(ExtensibilityGlobals) = postSolution
	EndGlobalSection
	GlobalSection(ExtensibilityAddIns) = postSolution
	EndGlobalSection
EndGlobal