
Microsoft Visual Studio Solution File, Format Version 12.00
# Visual Studio Version 16
VisualStudioVersion = 16.0.31729.503
MinimumVisualStudioVersion = 10.0.40219.1
Project("{FAE04EC0-301F-11D3-BF4B-00C04F79EFBC}") = "ChapiJAlejandroD_30Nov2021", "ChapiJAlejandroD_30Nov2021.csproj", "{8584BFA5-0E09-40DD-BE2B-DBCF1304E664}"
EndProject
Global
	GlobalSection(SolutionConfigurationPlatforms) = preSolution
		Debug|Any CPU = Debug|Any CPU
		Release|Any CPU = Release|Any CPU
	EndGlobalSection
	GlobalSection(ProjectConfigurationPlatforms) = postSolution
		{8584BFA5-0E09-40DD-BE2B-DBCF1304E664}.Debug|Any CPU.ActiveCfg = Debug|Any CPU
		{8584BFA5-0E09-40DD-BE2B-DBCF1304E664}.Debug|Any CPU.Build.0 = Debug|Any CPU
		{8584BFA5-0E09-40DD-BE2B-DBCF1304E664}.Release|Any CPU.ActiveCfg = Release|Any CPU
		{8584BFA5-0E09-40DD-BE2B-DBCF1304E664}.Release|Any CPU.Build.0 = Release|Any CPU
	EndGlobalSection
	GlobalSection(SolutionProperties) = preSolution
		HideSolutionNode = FALSE
	EndGlobalSection
	GlobalSection(ExtensibilityGlobals) = postSolution
		SolutionGuid = {85A24755-93FB-4531-9F42-BA92EAEAC323}
	EndGlobalSection
EndGlobal
