
Microsoft Visual Studio Solution File, Format Version 12.00
# Visual Studio Version 16
VisualStudioVersion = 16.0.31729.503
MinimumVisualStudioVersion = 10.0.40219.1
Project("{FAE04EC0-301F-11D3-BF4B-00C04F79EFBC}") = "Herencia", "Herencia.csproj", "{ADBABD9B-A07D-4F8B-BC5A-96CF50200B09}"
EndProject
Global
	GlobalSection(SolutionConfigurationPlatforms) = preSolution
		Debug|Any CPU = Debug|Any CPU
		Release|Any CPU = Release|Any CPU
	EndGlobalSection
	GlobalSection(ProjectConfigurationPlatforms) = postSolution
		{ADBABD9B-A07D-4F8B-BC5A-96CF50200B09}.Debug|Any CPU.ActiveCfg = Debug|Any CPU
		{ADBABD9B-A07D-4F8B-BC5A-96CF50200B09}.Debug|Any CPU.Build.0 = Debug|Any CPU
		{ADBABD9B-A07D-4F8B-BC5A-96CF50200B09}.Release|Any CPU.ActiveCfg = Release|Any CPU
		{ADBABD9B-A07D-4F8B-BC5A-96CF50200B09}.Release|Any CPU.Build.0 = Release|Any CPU
	EndGlobalSection
	GlobalSection(SolutionProperties) = preSolution
		HideSolutionNode = FALSE
	EndGlobalSection
	GlobalSection(ExtensibilityGlobals) = postSolution
		SolutionGuid = {E5C84234-0673-464A-9419-829BC1CEC0F8}
	EndGlobalSection
EndGlobal
