
Microsoft Visual Studio Solution File, Format Version 12.00
# Visual Studio Version 16
VisualStudioVersion = 16.0.31729.503
MinimumVisualStudioVersion = 10.0.40219.1
Project("{FAE04EC0-301F-11D3-BF4B-00C04F79EFBC}") = "ChapiJAlejandroD_12Nov2021", "ChapiJAlejandroD_12Nov2021.csproj", "{7609AC6E-E67C-4184-AF71-3433D8141448}"
EndProject
Global
	GlobalSection(SolutionConfigurationPlatforms) = preSolution
		Debug|Any CPU = Debug|Any CPU
		Release|Any CPU = Release|Any CPU
	EndGlobalSection
	GlobalSection(ProjectConfigurationPlatforms) = postSolution
		{7609AC6E-E67C-4184-AF71-3433D8141448}.Debug|Any CPU.ActiveCfg = Debug|Any CPU
		{7609AC6E-E67C-4184-AF71-3433D8141448}.Debug|Any CPU.Build.0 = Debug|Any CPU
		{7609AC6E-E67C-4184-AF71-3433D8141448}.Release|Any CPU.ActiveCfg = Release|Any CPU
		{7609AC6E-E67C-4184-AF71-3433D8141448}.Release|Any CPU.Build.0 = Release|Any CPU
	EndGlobalSection
	GlobalSection(SolutionProperties) = preSolution
		HideSolutionNode = FALSE
	EndGlobalSection
	GlobalSection(ExtensibilityGlobals) = postSolution
		SolutionGuid = {6C405C7A-CC5B-444F-A5EA-B2604D54FBE4}
	EndGlobalSection
EndGlobal
